
Microsoft Visual Studio Solution File, Format Version 12.00
# Visual Studio Version 16
VisualStudioVersion = 16.0.28729.10
MinimumVisualStudioVersion = 10.0.40219.1
Project("{FAE04EC0-301F-11D3-BF4B-00C04F79EFBC}") = "FolderManage", "FolderManage\FolderManage.csproj", "{C14EC474-6935-4895-A6AD-BEAEF7BC5A5F}"
EndProject
Global
	GlobalSection(SolutionConfigurationPlatforms) = preSolution
		Debug|Any CPU = Debug|Any CPU
		Release|Any CPU = Release|Any CPU
	EndGlobalSection
	GlobalSection(ProjectConfigurationPlatforms) = postSolution
		{C14EC474-6935-4895-A6AD-BEAEF7BC5A5F}.Debug|Any CPU.ActiveCfg = Debug|Any CPU
		{C14EC474-6935-4895-A6AD-BEAEF7BC5A5F}.Debug|Any CPU.Build.0 = Debug|Any CPU
		{C14EC474-6935-4895-A6AD-BEAEF7BC5A5F}.Release|Any CPU.ActiveCfg = Release|Any CPU
		{C14EC474-6935-4895-A6AD-BEAEF7BC5A5F}.Release|Any CPU.Build.0 = Release|Any CPU
	EndGlobalSection
	GlobalSection(SolutionProperties) = preSolution
		HideSolutionNode = FALSE
	EndGlobalSection
	GlobalSection(ExtensibilityGlobals) = postSolution
		SolutionGuid = {EAF0489C-745D-4485-A2C6-4A3287F8674F}
	EndGlobalSection
EndGlobal
